
Microsoft Visual Studio Solution File, Format Version 12.00
# Visual Studio Version 16
VisualStudioVersion = 16.0.31005.135
MinimumVisualStudioVersion = 10.0.40219.1
Project("{FAE04EC0-301F-11D3-BF4B-00C04F79EFBC}") = "GPASystem", "GPASystem\GPASystem.csproj", "{0CEAF55B-0E77-4294-83C4-9A9D154C8908}"
EndProject
Global
	GlobalSection(SolutionConfigurationPlatforms) = preSolution
		Debug|Any CPU = Debug|Any CPU
		Release|Any CPU = Release|Any CPU
	EndGlobalSection
	GlobalSection(ProjectConfigurationPlatforms) = postSolution
		{0CEAF55B-0E77-4294-83C4-9A9D154C8908}.Debug|Any CPU.ActiveCfg = Debug|Any CPU
		{0CEAF55B-0E77-4294-83C4-9A9D154C8908}.Debug|Any CPU.Build.0 = Debug|Any CPU
		{0CEAF55B-0E77-4294-83C4-9A9D154C8908}.Release|Any CPU.ActiveCfg = Release|Any CPU
		{0CEAF55B-0E77-4294-83C4-9A9D154C8908}.Release|Any CPU.Build.0 = Release|Any CPU
	EndGlobalSection
	GlobalSection(SolutionProperties) = preSolution
		HideSolutionNode = FALSE
	EndGlobalSection
	GlobalSection(ExtensibilityGlobals) = postSolution
		SolutionGuid = {A5F074E0-7803-4761-A6CE-136570336671}
	EndGlobalSection
EndGlobal
